
Microsoft Visual Studio Solution File, Format Version 12.00
# Visual Studio Version 17
VisualStudioVersion = 17.3.32819.101
MinimumVisualStudioVersion = 10.0.40219.1
Project("{FAE04EC0-301F-11D3-BF4B-00C04F79EFBC}") = "Lerua Shop", "Lerua Shop\Lerua Shop.csproj", "{DD63D481-D6C6-4801-9E39-A05890985943}"
EndProject
Global
	GlobalSection(SolutionConfigurationPlatforms) = preSolution
		Debug|Any CPU = Debug|Any CPU
		Release|Any CPU = Release|Any CPU
	EndGlobalSection
	GlobalSection(ProjectConfigurationPlatforms) = postSolution
		{DD63D481-D6C6-4801-9E39-A05890985943}.Debug|Any CPU.ActiveCfg = Debug|Any CPU
		{DD63D481-D6C6-4801-9E39-A05890985943}.Debug|Any CPU.Build.0 = Debug|Any CPU
		{DD63D481-D6C6-4801-9E39-A05890985943}.Release|Any CPU.ActiveCfg = Release|Any CPU
		{DD63D481-D6C6-4801-9E39-A05890985943}.Release|Any CPU.Build.0 = Release|Any CPU
	EndGlobalSection
	GlobalSection(SolutionProperties) = preSolution
		HideSolutionNode = FALSE
	EndGlobalSection
	GlobalSection(ExtensibilityGlobals) = postSolution
		SolutionGuid = {301FF6B4-BB2D-4626-BBD9-27B89B04A838}
	EndGlobalSection
EndGlobal
